{
  "name": "axios-test",
  "version": "1.0.0",
  "lockfileVersion": 1,
  "requires": true,
  "dependencies": {
    "parse-headers": {
      "version": "2.0.3",
      "resolved": "https://registry.npm.taobao.org/parse-headers/download/parse-headers-2.0.3.tgz",
      "integrity": "sha1-Xo51Ejg9FAugLwx6qfSbQ5nJJRU="
    },
    "qs": {
      "version": "6.9.4",
      "resolved": "https://registry.npm.taobao.org/qs/download/qs-6.9.4.tgz",
      "integrity": "sha1-kJCykNH5FyjTwi5UhDykSupatoc="
    }
  }
}
